
Microsoft Visual Studio Solution File, Format Version 12.00
Project("{FAE04EC0-301F-11D3-BF4B-00C04F79EFBC}") = "apbd-cw1-git-s33062", "apbd-cw1-git-s33062\apbd-cw1-git-s33062.csproj", "{DBF27254-7FD0-4FB0-A37F-F0CBB282104D}"
EndProject
Global
	GlobalSection(SolutionConfigurationPlatforms) = preSolution
		Debug|Any CPU = Debug|Any CPU
		Release|Any CPU = Release|Any CPU
	EndGlobalSection
	GlobalSection(ProjectConfigurationPlatforms) = postSolution
		{DBF27254-7FD0-4FB0-A37F-F0CBB282104D}.Debug|Any CPU.ActiveCfg = Debug|Any CPU
		{DBF27254-7FD0-4FB0-A37F-F0CBB282104D}.Debug|Any CPU.Build.0 = Debug|Any CPU
		{DBF27254-7FD0-4FB0-A37F-F0CBB282104D}.Release|Any CPU.ActiveCfg = Release|Any CPU
		{DBF27254-7FD0-4FB0-A37F-F0CBB282104D}.Release|Any CPU.Build.0 = Release|Any CPU
	EndGlobalSection
EndGlobal
